github.com/gorilla/context v1.1.1 h1:AWwleXJkX/nhcU9bZSnZoi3h/qGYqQAGhq6zZe/aQW8=
github.com/gorilla/context v1.1.1/go.mod h1:kBGZzfjB9CEq2AlWe17Uuf7NDRt0dE0s8S51q0aT7Yg=
github.com/gorilla/mux v1.4.1-0.20170621220733-8c683ee571b6 h1:tuDOqPeTjmZJQvdRpLniBqcrCY+qz8LxoifvXcZqFaA=
github.com/gorilla/mux v1.4.1-0.20170621220733-8c683ee571b6/go.mod h1:1lud6UwP+6orDFRuTfBEV8e9/aOM/c4fVVCaMa2zaAs=
